// !$*UTF8*$!
{
	archiveVersion = 1;
	classes = {
	};
	objectVersion = 55;
	objects = {

/* Begin PBXBuildFile section */
		B68D7F4227C7C630009FE511 /* AppDelegate.swift in Sources */ = {isa = PBXBuildFile; fileRef = B68D7F4127C7C630009FE511 /* AppDelegate.swift */; };
		B68D7F4427C7C630009FE511 /* SceneDelegate.swift in Sources */ = {isa = PBXBuildFile; fileRef = B68D7F4327C7C630009FE511 /* SceneDelegate.swift */; };
		B68D7F4627C7C630009FE511 /* ViewController.swift in Sources */ = {isa = PBXBuildFile; fileRef = B68D7F4527C7C630009FE511 /* ViewController.swift */; };
		B68D7F4927C7C630009FE511 /* Main.storyboard in Resources */ = {isa = PBXBuildFile; fileRef = B68D7F4727C7C630009FE511 /* Main.storyboard */; };
		B68D7F4C27C7C630009FE511 /* StudyUIKit.xcdatamodeld in Sources */ = {isa = PBXBuildFile; fileRef = B68D7F4A27C7C630009FE511 /* StudyUIKit.xcdatamodeld */; };
		B68D7F4E27C7C631009FE511 /* Assets.xcassets in Resources */ = {isa = PBXBuildFile; fileRef = B68D7F4D27C7C631009FE511 /* Assets.xcassets */; };
		B68D7F5127C7C631009FE511 /* LaunchScreen.storyboard in Resources */ = {isa = PBXBuildFile; fileRef = B68D7F4F27C7C631009FE511 /* LaunchScreen.storyboard */; };
		B68D7F5C27C7C888009FE511 /* DetailViewController.swift in Sources */ = {isa = PBXBuildFile; fileRef = B68D7F5A27C7C888009FE511 /* DetailViewController.swift */; };
		B68D7F5D27C7C888009FE511 /* DetailViewController.xib in Resources */ = {isa = PBXBuildFile; fileRef = B68D7F5B27C7C888009FE511 /* DetailViewController.xib */; };
/* End PBXBuildFile section */

/* Begin PBXFileReference section */
		B68D7F3E27C7C630009FE511 /* StudyUIKit.app */ = {isa = PBXFileReference; explicitFileType = wrapper.application; includeInIndex = 0; path = StudyUIKit.app; sourceTree = BUILT_PRODUCTS_DIR; };
		B68D7F4127C7C630009FE511 /* AppDelegate.swift */ = {isa = PBXFileReference; lastKnownFileType = sourcecode.swift; path = AppDelegate.swift; sourceTree = "<group>"; };
		B68D7F4327C7C630009FE511 /* SceneDelegate.swift */ = {isa = PBXFileReference; lastKnownFileType = sourcecode.swift; path = SceneDelegate.swift; sourceTree = "<group>"; };
		B68D7F4527C7C630009FE511 /* ViewController.swift */ = {isa = PBXFileReference; lastKnownFileType = sourcecode.swift; path = ViewController.swift; sourceTree = "<group>"; };
		B68D7F4827C7C630009FE511 /* Base */ = {isa = PBXFileReference; lastKnownFileType = file.storyboard; name = Base; path = Base.lproj/Main.storyboard; sourceTree = "<group>"; };
		B68D7F4B27C7C630009FE511 /* StudyUIKit.xcdatamodel */ = {isa = PBXFileReference; lastKnownFileType = wrapper.xcdatamodel; path = StudyUIKit.xcdatamodel; sourceTree = "<group>"; };
		B68D7F4D27C7C631009FE511 /* Assets.xcassets */ = {isa = PBXFileReference; lastKnownFileType = folder.assetcatalog; path = Assets.xcassets; sourceTree = "<group>"; };
		B68D7F5027C7C631009FE511 /* Base */ = {isa = PBXFileReference; lastKnownFileType = file.storyboard; name = Base; path = Base.lproj/LaunchScreen.storyboard; sourceTree = "<group>"; };
		B68D7F5227C7C631009FE511 /* Info.plist */ = {isa = PBXFileReference; lastKnownFileType = text.plist.xml; path = Info.plist; sourceTree = "<group>"; };
		B68D7F5A27C7C888009FE511 /* DetailViewController.swift */ = {isa = PBXFileReference; lastKnownFileType = sourcecode.swift; path = DetailViewController.swift; sourceTree = "<group>"; };
		B68D7F5B27C7C888009FE511 /* DetailViewController.xib */ = {isa = PBXFileReference; lastKnownFileType = file.xib; path = DetailViewController.xib; sourceTree = "<group>"; };
/* End PBXFileReference section */

/* Begin PBXFrameworksBuildPhase section */
		B68D7F3B27C7C630009FE511 /* Frameworks */ = {
			isa = PBXFrameworksBuildPhase;
			buildActionMask = 2147483647;
			files = (
			);
			runOnlyForDeploymentPostprocessing = 0;
		};
/* End PBXFrameworksBuildPhase section */

/* Begin PBXGroup section */
		B68D7F3527C7C630009FE511 = {
			isa = PBXGroup;
			children = (
				B68D7F4027C7C630009FE511 /* StudyUIKit */,
				B68D7F3F27C7C630009FE511 /* Products */,
			);
			sourceTree = "<group>";
		};
		B68D7F3F27C7C630009FE511 /* Products */ = {
			isa = PBXGroup;
			children = (
				B68D7F3E27C7C630009FE511 /* StudyUIKit.app */,
			);
			name = Products;
			sourceTree = "<group>";
		};
		B68D7F4027C7C630009FE511 /* StudyUIKit */ = {
			isa = PBXGroup;
			children = (
				B68D7F4127C7C630009FE511 /* AppDelegate.swift */,
				B68D7F4327C7C630009FE511 /* SceneDelegate.swift */,
				B68D7F5A27C7C888009FE511 /* DetailViewController.swift */,
				B68D7F5B27C7C888009FE511 /* DetailViewController.xib */,
				B68D7F4527C7C630009FE511 /* ViewController.swift */,
				B68D7F4727C7C630009FE511 /* Main.storyboard */,
				B68D7F4D27C7C631009FE511 /* Assets.xcassets */,
				B68D7F4F27C7C631009FE511 /* LaunchScreen.storyboard */,
				B68D7F5227C7C631009FE511 /* Info.plist */,
				B68D7F4A27C7C630009FE511 /* StudyUIKit.xcdatamodeld */,
			);
			path = StudyUIKit;
			sourceTree = "<group>";
		};
/* End PBXGroup section */

/* Begin PBXNativeTarget section */
		B68D7F3D27C7C630009FE511 /* StudyUIKit */ = {
			isa = PBXNativeTarget;
			buildConfigurationList = B68D7F5527C7C631009FE511 /* Build configuration list for PBXNativeTarget "StudyUIKit" */;
			buildPhases = (
				B68D7F3A27C7C630009FE511 /* Sources */,
				B68D7F3B27C7C630009FE511 /* Frameworks */,
				B68D7F3C27C7C630009FE511 /* Resources */,
			);
			buildRules = (
			);
			dependencies = (
			);
			name = StudyUIKit;
			productName = StudyUIKit;
			productReference = B68D7F3E27C7C630009FE511 /* StudyUIKit.app */;
			productType = "com.apple.product-type.application";
		};
/* End PBXNativeTarget section */

/* Begin PBXProject section */
		B68D7F3627C7C630009FE511 /* Project object */ = {
			isa = PBXProject;
			attributes = {
				BuildIndependentTargetsInParallel = 1;
				LastSwiftUpdateCheck = 1320;
				LastUpgradeCheck = 1320;
				TargetAttributes = {
					B68D7F3D27C7C630009FE511 = {
						CreatedOnToolsVersion = 13.2.1;
					};
				};
			};
			buildConfigurationList = B68D7F3927C7C630009FE511 /* Build configuration list for PBXProject "StudyUIKit" */;
			compatibilityVersion = "Xcode 13.0";
			developmentRegion = en;
			hasScannedForEncodings = 0;
			knownRegions = (
				en,
				Base,
			);
			mainGroup = B68D7F3527C7C630009FE511;
			productRefGroup = B68D7F3F27C7C630009FE511 /* Products */;
			projectDirPath = "";
			projectRoot = "";
			targets = (
				B68D7F3D27C7C630009FE511 /* StudyUIKit */,
			);
		};
/* End PBXProject section */

/* Begin PBXResourcesBuildPhase section */
		B68D7F3C27C7C630009FE511 /* Resources */ = {
			isa = PBXResourcesBuildPhase;
			buildActionMask = 2147483647;
			files = (
				B68D7F5127C7C631009FE511 /* LaunchScreen.storyboard in Resources */,
				B68D7F4E27C7C631009FE511 /* Assets.xcassets in Resources */,
				B68D7F4927C7C630009FE511 /* Main.storyboard in Resources */,
				B68D7F5D27C7C888009FE511 /* DetailViewController.xib in Resources */,
			);
			runOnlyForDeploymentPostprocessing = 0;
		};
/* End PBXResourcesBuildPhase section */

/* Begin PBXSourcesBuildPhase section */
		B68D7F3A27C7C630009FE511 /* Sources */ = {
			isa = PBXSourcesBuildPhase;
			buildActionMask = 2147483647;
			files = (
				B68D7F4627C7C630009FE511 /* ViewController.swift in Sources */,
				B68D7F4227C7C630009FE511 /* AppDelegate.swift in Sources */,
				B68D7F5C27C7C888009FE511 /* DetailViewController.swift in Sources */,
				B68D7F4C27C7C630009FE511 /* StudyUIKit.xcdatamodeld in Sources */,
				B68D7F4427C7C630009FE511 /* SceneDelegate.swift in Sources */,
			);
			runOnlyForDeploymentPostprocessing = 0;
		};
/* End PBXSourcesBuildPhase section */

/* Begin PBXVariantGroup section */
		B68D7F4727C7C630009FE511 /* Main.storyboard */ = {
			isa = PBXVariantGroup;
			children = (
				B68D7F4827C7C630009FE511 /* Base */,
			);
			name = Main.storyboard;
			sourceTree = "<group>";
		};
		B68D7F4F27C7C631009FE511 /* LaunchScreen.storyboard */ = {
			isa = PBXVariantGroup;
			children = (
				B68D7F5027C7C631009FE511 /* Base */,
			);
			name = LaunchScreen.storyboard;
			sourceTree = "<group>";
		};
/* End PBXVariantGroup section */

/* Begin XCBuildConfiguration section */
		B68D7F5327C7C631009FE511 /* Debug */ = {
			isa = XCBuildConfiguration;
			buildSettings = {
				ALWAYS_SEARCH_USER_PATHS = NO;
				CLANG_ANALYZER_NONNULL = YES;
				CLANG_ANALYZER_NUMBER_OBJECT_CONVERSION = YES_AGGRESSIVE;
				CLANG_CXX_LANGUAGE_STANDARD = "gnu++17";
				CLANG_CXX_LIBRARY = "libc++";
				CLANG_ENABLE_MODULES = YES;
				CLANG_ENABLE_OBJC_ARC = YES;
				CLANG_ENABLE_OBJC_WEAK = YES;
				CLANG_WARN_BLOCK_CAPTURE_AUTORELEASING = YES;
				CLANG_WARN_BOOL_CONVERSION = YES;
				CLANG_WARN_COMMA = YES;
				CLANG_WARN_CONSTANT_CONVERSION = YES;
				CLANG_WARN_DEPRECATED_OBJC_IMPLEMENTATIONS = YES;
				CLANG_WARN_DIRECT_OBJC_ISA_USAGE = YES_ERROR;
				CLANG_WARN_DOCUMENTATION_COMMENTS = YES;
				CLANG_WARN_EMPTY_BODY = YES;
				CLANG_WARN_ENUM_CONVERSION = YES;
				CLANG_WARN_INFINITE_RECURSION = YES;
				CLANG_WARN_INT_CONVERSION = YES;
				CLANG_WARN_NON_LITERAL_NULL_CONVERSION = YES;
				CLANG_WARN_OBJC_IMPLICIT_RETAIN_SELF = YES;
				CLANG_WARN_OBJC_LITERAL_CONVERSION = YES;
				CLANG_WARN_OBJC_ROOT_CLASS = YES_ERROR;
				CLANG_WARN_QUOTED_INCLUDE_IN_FRAMEWORK_HEADER = YES;
				CLANG_WARN_RANGE_LOOP_ANALYSIS = YES;
				CLANG_WARN_STRICT_PROTOTYPES = YES;
				CLANG_WARN_SUSPICIOUS_MOVE = YES;
				CLANG_WARN_UNGUARDED_AVAILABILITY = YES_AGGRESSIVE;
				CLANG_WARN_UNREACHABLE_CODE = YES;
				CLANG_WARN__DUPLICATE_METHOD_MATCH = YES;
				COPY_PHASE_STRIP = NO;
				DEBUG_INFORMATION_FORMAT = dwarf;
				ENABLE_STRICT_OBJC_MSGSEND = YES;
				ENABLE_TESTABILITY = YES;
				GCC_C_LANGUAGE_STANDARD = gnu11;
				GCC_DYNAMIC_NO_PIC = NO;
				GCC_NO_COMMON_BLOCKS = YES;
				GCC_OPTIMIZATION_LEVEL = 0;
				GCC_PREPROCESSOR_DEFINITIONS = (
					"DEBUG=1",
					"$(inherited)",
				);
				GCC_WARN_64_TO_32_BIT_CONVERSION = YES;
				GCC_WARN_ABOUT_RETURN_TYPE = YES_ERROR;
				GCC_WARN_UNDECLARED_SELECTOR = YES;
				GCC_WARN_UNINITIALIZED_AUTOS = YES_AGGRESSIVE;
				GCC_WARN_UNUSED_FUNCTION = YES;
				GCC_WARN_UNUSED_VARIABLE = YES;
				IPHONEOS_DEPLOYMENT_TARGET = 15.2;
				MTL_ENABLE_DEBUG_INFO = INCLUDE_SOURCE;
				MTL_FAST_MATH = YES;
				ONLY_ACTIVE_ARCH = YES;
				SDKROOT = iphoneos;
				SWIFT_ACTIVE_COMPILATION_CONDITIONS = DEBUG;
				SWIFT_OPTIMIZATION_LEVEL = "-Onone";
			};
			name = Debug;
		};
		B68D7F5427C7C631009FE511 /* Release */ = {
			isa = XCBuildConfiguration;
			buildSettings = {
				ALWAYS_SEARCH_USER_PATHS = NO;
				CLANG_ANALYZER_NONNULL = YES;
				CLANG_ANALYZER_NUMBER_OBJECT_CONVERSION = YES_AGGRESSIVE;
				CLANG_CXX_LANGUAGE_STANDARD = "gnu++17";
				CLANG_CXX_LIBRARY = "libc++";
				CLANG_ENABLE_MODULES = YES;
				CLANG_ENABLE_OBJC_ARC = YES;
				CLANG_ENABLE_OBJC_WEAK = YES;
				CLANG_WARN_BLOCK_CAPTURE_AUTORELEASING = YES;
				CLANG_WARN_BOOL_CONVERSION = YES;
				CLANG_WARN_COMMA = YES;
				CLANG_WARN_CONSTANT_CONVERSION = YES;
				CLANG_WARN_DEPRECATED_OBJC_IMPLEMENTATIONS = YES;
				CLANG_WARN_DIRECT_OBJC_ISA_USAGE = YES_ERROR;
				CLANG_WARN_DOCUMENTATION_COMMENTS = YES;
				CLANG_WARN_EMPTY_BODY = YES;
				CLANG_WARN_ENUM_CONVERSION = YES;
				CLANG_WARN_INFINITE_RECURSION = YES;
				CLANG_WARN_INT_CONVERSION = YES;
				CLANG_WARN_NON_LITERAL_NULL_CONVERSION = YES;
				CLANG_WARN_OBJC_IMPLICIT_RETAIN_SELF = YES;
				CLANG_WARN_OBJC_LITERAL_CONVERSION = YES;
				CLANG_WARN_OBJC_ROOT_CLASS = YES_ERROR;
				CLANG_WARN_QUOTED_INCLUDE_IN_FRAMEWORK_HEADER = YES;
				CLANG_WARN_RANGE_LOOP_ANALYSIS = YES;
				CLANG_WARN_STRICT_PROTOTYPES = YES;
				CLANG_WARN_SUSPICIOUS_MOVE = YES;
				CLANG_WARN_UNGUARDED_AVAILABILITY = YES_AGGRESSIVE;
				CLANG_WARN_UNREACHABLE_CODE = YES;
				CLANG_WARN__DUPLICATE_METHOD_MATCH = YES;
				COPY_PHASE_STRIP = NO;
				DEBUG_INFORMATION_FORMAT = "dwarf-with-dsym";
				ENABLE_NS_ASSERTIONS = NO;
				ENABLE_STRICT_OBJC_MSGSEND = YES;
				GCC_C_LANGUAGE_STANDARD = gnu11;
				GCC_NO_COMMON_BLOCKS = YES;
				GCC_WARN_64_TO_32_BIT_CONVERSION = YES;
				GCC_WARN_ABOUT_RETURN_TYPE = YES_ERROR;
				GCC_WARN_UNDECLARED_SELECTOR = YES;
				GCC_WARN_UNINITIALIZED_AUTOS = YES_AGGRESSIVE;
				GCC_WARN_UNUSED_FUNCTION = YES;
				GCC_WARN_UNUSED_VARIABLE = YES;
				IPHONEOS_DEPLOYMENT_TARGET = 15.2;
				MTL_ENABLE_DEBUG_INFO = NO;
				MTL_FAST_MATH = YES;
				SDKROOT = iphoneos;
				SWIFT_COMPILATION_MODE = wholemodule;
				SWIFT_OPTIMIZATION_LEVEL = "-O";
				VALIDATE_PRODUCT = YES;
			};
			name = Release;
		};
		B68D7F5627C7C631009FE511 /* Debug */ = {
			isa = XCBuildConfiguration;
			buildSettings = {
				ASSETCATALOG_COMPILER_APPICON_NAME = AppIcon;
				ASSETCATALOG_COMPILER_GLOBAL_ACCENT_COLOR_NAME = AccentColor;
				CODE_SIGN_STYLE = Automatic;
				CURRENT_PROJECT_VERSION = 1;
				DEVELOPMENT_TEAM = LDD56A5RVR;
				GENERATE_INFOPLIST_FILE = YES;
				INFOPLIST_FILE = StudyUIKit/Info.plist;
				INFOPLIST_KEY_UIApplicationSupportsIndirectInputEvents = YES;
				INFOPLIST_KEY_UILaunchStoryboardName = LaunchScreen;
				INFOPLIST_KEY_UIMainStoryboardFile = Main;
				INFOPLIST_KEY_UISupportedInterfaceOrientations_iPad = "UIInterfaceOrientationPortrait UIInterfaceOrientationPortraitUpsideDown UIInterfaceOrientationLandscapeLeft UIInterfaceOrientationLandscapeRight";
				INFOPLIST_KEY_UISupportedInterfaceOrientations_iPhone = "UIInterfaceOrientationPortrait UIInterfaceOrientationLandscapeLeft UIInterfaceOrientationLandscapeRight";
				IPHONEOS_DEPLOYMENT_TARGET = 14.0;
				LD_RUNPATH_SEARCH_PATHS = (
					"$(inherited)",
					"@executable_path/Frameworks",
				);
				MARKETING_VERSION = 1.0;
				PRODUCT_BUNDLE_IDENTIFIER = WkWebview.StudyUIKit;
				PRODUCT_NAME = "$(TARGET_NAME)";
				SWIFT_EMIT_LOC_STRINGS = YES;
				SWIFT_VERSION = 5.0;
				TARGETED_DEVICE_FAMILY = "1,2";
			};
			name = Debug;
		};
		B68D7F5727C7C631009FE511 /* Release */ = {
			isa = XCBuildConfiguration;
			buildSettings = {
				ASSETCATALOG_COMPILER_APPICON_NAME = AppIcon;
				ASSETCATALOG_COMPILER_GLOBAL_ACCENT_COLOR_NAME = AccentColor;
				CODE_SIGN_STYLE = Automatic;
				CURRENT_PROJECT_VERSION = 1;
				DEVELOPMENT_TEAM = LDD56A5RVR;
				GENERATE_INFOPLIST_FILE = YES;
				INFOPLIST_FILE = StudyUIKit/Info.plist;
				INFOPLIST_KEY_UIApplicationSupportsIndirectInputEvents = YES;
				INFOPLIST_KEY_UILaunchStoryboardName = LaunchScreen;
				INFOPLIST_KEY_UIMainStoryboardFile = Main;
				INFOPLIST_KEY_UISupportedInterfaceOrientations_iPad = "UIInterfaceOrientationPortrait UIInterfaceOrientationPortraitUpsideDown UIInterfaceOrientationLandscapeLeft UIInterfaceOrientationLandscapeRight";
				INFOPLIST_KEY_UISupportedInterfaceOrientations_iPhone = "UIInterfaceOrientationPortrait UIInterfaceOrientationLandscapeLeft UIInterfaceOrientationLandscapeRight";
				IPHONEOS_DEPLOYMENT_TARGET = 14.0;
				LD_RUNPATH_SEARCH_PATHS = (
					"$(inherited)",
					"@executable_path/Frameworks",
				);
				MARKETING_VERSION = 1.0;
				PRODUCT_BUNDLE_IDENTIFIER = WkWebview.StudyUIKit;
				PRODUCT_NAME = "$(TARGET_NAME)";
				SWIFT_EMIT_LOC_STRINGS = YES;
				SWIFT_VERSION = 5.0;
				TARGETED_DEVICE_FAMILY = "1,2";
			};
			name = Release;
		};
/* End XCBuildConfiguration section */

/* Begin XCConfigurationList section */
		B68D7F3927C7C630009FE511 /* Build configuration list for PBXProject "StudyUIKit" */ = {
			isa = XCConfigurationList;
			buildConfigurations = (
				B68D7F5327C7C631009FE511 /* Debug */,
				B68D7F5427C7C631009FE511 /* Release */,
			);
			defaultConfigurationIsVisible = 0;
			defaultConfigurationName = Release;
		};
		B68D7F5527C7C631009FE511 /* Build configuration list for PBXNativeTarget "StudyUIKit" */ = {
			isa = XCConfigurationList;
			buildConfigurations = (
				B68D7F5627C7C631009FE511 /* Debug */,
				B68D7F5727C7C631009FE511 /* Release */,
			);
			defaultConfigurationIsVisible = 0;
			defaultConfigurationName = Release;
		};
/* End XCConfigurationList section */

/* Begin XCVersionGroup section */
		B68D7F4A27C7C630009FE511 /* StudyUIKit.xcdatamodeld */ = {
			isa = XCVersionGroup;
			children = (
				B68D7F4B27C7C630009FE511 /* StudyUIKit.xcdatamodel */,
			);
			currentVersion = B68D7F4B27C7C630009FE511 /* StudyUIKit.xcdatamodel */;
			path = StudyUIKit.xcdatamodeld;
			sourceTree = "<group>";
			versionGroupType = wrapper.xcdatamodel;
		};
/* End XCVersionGroup section */
	};
	rootObject = B68D7F3627C7C630009FE511 /* Project object */;
}
